// !$*UTF8*$!
{
	archiveVersion = 1;
	classes = {
	};
	objectVersion = 46;
	objects = {

/* Begin PBXBuildFile section */
		C4AECABE1F3199CE00D46454 /* AppDelegate.swift in Sources */ = {isa = PBXBuildFile; fileRef = C4AECABD1F3199CE00D46454 /* AppDelegate.swift */; };
		C4AECAC01F3199CE00D46454 /* ViewController.swift in Sources */ = {isa = PBXBuildFile; fileRef = C4AECABF1F3199CE00D46454 /* ViewController.swift */; };
		C4AECAC31F3199CE00D46454 /* Main.storyboard in Resources */ = {isa = PBXBuildFile; fileRef = C4AECAC11F3199CE00D46454 /* Main.storyboard */; };
		C4AECAC51F3199CE00D46454 /* Assets.xcassets in Resources */ = {isa = PBXBuildFile; fileRef = C4AECAC41F3199CE00D46454 /* Assets.xcassets */; };
		C4AECAC81F3199CE00D46454 /* LaunchScreen.storyboard in Resources */ = {isa = PBXBuildFile; fileRef = C4AECAC61F3199CE00D46454 /* LaunchScreen.storyboard */; };
		C4AECAD31F3199CE00D46454 /* VitaCollectionTests.swift in Sources */ = {isa = PBXBuildFile; fileRef = C4AECAD21F3199CE00D46454 /* VitaCollectionTests.swift */; };
		C4AECADE1F3199CE00D46454 /* VitaCollectionUITests.swift in Sources */ = {isa = PBXBuildFile; fileRef = C4AECADD1F3199CE00D46454 /* VitaCollectionUITests.swift */; };
/* End PBXBuildFile section */

/* Begin PBXContainerItemProxy section */
		C4AECACF1F3199CE00D46454 /* PBXContainerItemProxy */ = {
			isa = PBXContainerItemProxy;
			containerPortal = C4AECAB21F3199CE00D46454 /* Project object */;
			proxyType = 1;
			remoteGlobalIDString = C4AECAB91F3199CE00D46454;
			remoteInfo = VitaCollection;
		};
		C4AECADA1F3199CE00D46454 /* PBXContainerItemProxy */ = {
			isa = PBXContainerItemProxy;
			containerPortal = C4AECAB21F3199CE00D46454 /* Project object */;
			proxyType = 1;
			remoteGlobalIDString = C4AECAB91F3199CE00D46454;
			remoteInfo = VitaCollection;
		};
/* End PBXContainerItemProxy section */

/* Begin PBXFileReference section */
		C4AECABA1F3199CE00D46454 /* VitaCollection.app */ = {isa = PBXFileReference; explicitFileType = wrapper.application; includeInIndex = 0; path = VitaCollection.app; sourceTree = BUILT_PRODUCTS_DIR; };
		C4AECABD1F3199CE00D46454 /* AppDelegate.swift */ = {isa = PBXFileReference; lastKnownFileType = sourcecode.swift; path = AppDelegate.swift; sourceTree = "<group>"; };
		C4AECABF1F3199CE00D46454 /* ViewController.swift */ = {isa = PBXFileReference; lastKnownFileType = sourcecode.swift; path = ViewController.swift; sourceTree = "<group>"; };
		C4AECAC21F3199CE00D46454 /* Base */ = {isa = PBXFileReference; lastKnownFileType = file.storyboard; name = Base; path = Base.lproj/Main.storyboard; sourceTree = "<group>"; };
		C4AECAC41F3199CE00D46454 /* Assets.xcassets */ = {isa = PBXFileReference; lastKnownFileType = folder.assetcatalog; path = Assets.xcassets; sourceTree = "<group>"; };
		C4AECAC71F3199CE00D46454 /* Base */ = {isa = PBXFileReference; lastKnownFileType = file.storyboard; name = Base; path = Base.lproj/LaunchScreen.storyboard; sourceTree = "<group>"; };
		C4AECAC91F3199CE00D46454 /* Info.plist */ = {isa = PBXFileReference; lastKnownFileType = text.plist.xml; path = Info.plist; sourceTree = "<group>"; };
		C4AECACE1F3199CE00D46454 /* VitaCollectionTests.xctest */ = {isa = PBXFileReference; explicitFileType = wrapper.cfbundle; includeInIndex = 0; path = VitaCollectionTests.xctest; sourceTree = BUILT_PRODUCTS_DIR; };
		C4AECAD21F3199CE00D46454 /* VitaCollectionTests.swift */ = {isa = PBXFileReference; lastKnownFileType = sourcecode.swift; path = VitaCollectionTests.swift; sourceTree = "<group>"; };
		C4AECAD41F3199CE00D46454 /* Info.plist */ = {isa = PBXFileReference; lastKnownFileType = text.plist.xml; path = Info.plist; sourceTree = "<group>"; };
		C4AECAD91F3199CE00D46454 /* VitaCollectionUITests.xctest */ = {isa = PBXFileReference; explicitFileType = wrapper.cfbundle; includeInIndex = 0; path = VitaCollectionUITests.xctest; sourceTree = BUILT_PRODUCTS_DIR; };
		C4AECADD1F3199CE00D46454 /* VitaCollectionUITests.swift */ = {isa = PBXFileReference; lastKnownFileType = sourcecode.swift; path = VitaCollectionUITests.swift; sourceTree = "<group>"; };
		C4AECADF1F3199CE00D46454 /* Info.plist */ = {isa = PBXFileReference; lastKnownFileType = text.plist.xml; path = Info.plist; sourceTree = "<group>"; };
/* End PBXFileReference section */

/* Begin PBXFrameworksBuildPhase section */
		C4AECAB71F3199CE00D46454 /* Frameworks */ = {
			isa = PBXFrameworksBuildPhase;
			buildActionMask = 2147483647;
			files = (
			);
			runOnlyForDeploymentPostprocessing = 0;
		};
		C4AECACB1F3199CE00D46454 /* Frameworks */ = {
			isa = PBXFrameworksBuildPhase;
			buildActionMask = 2147483647;
			files = (
			);
			runOnlyForDeploymentPostprocessing = 0;
		};
		C4AECAD61F3199CE00D46454 /* Frameworks */ = {
			isa = PBXFrameworksBuildPhase;
			buildActionMask = 2147483647;
			files = (
			);
			runOnlyForDeploymentPostprocessing = 0;
		};
/* End PBXFrameworksBuildPhase section */

/* Begin PBXGroup section */
		C4AECAB11F3199CE00D46454 = {
			isa = PBXGroup;
			children = (
				C4AECABC1F3199CE00D46454 /* VitaCollection */,
				C4AECAD11F3199CE00D46454 /* VitaCollectionTests */,
				C4AECADC1F3199CE00D46454 /* VitaCollectionUITests */,
				C4AECABB1F3199CE00D46454 /* Products */,
			);
			sourceTree = "<group>";
		};
		C4AECABB1F3199CE00D46454 /* Products */ = {
			isa = PBXGroup;
			children = (
				C4AECABA1F3199CE00D46454 /* VitaCollection.app */,
				C4AECACE1F3199CE00D46454 /* VitaCollectionTests.xctest */,
				C4AECAD91F3199CE00D46454 /* VitaCollectionUITests.xctest */,
			);
			name = Products;
			sourceTree = "<group>";
		};
		C4AECABC1F3199CE00D46454 /* VitaCollection */ = {
			isa = PBXGroup;
			children = (
				C4AECABD1F3199CE00D46454 /* AppDelegate.swift */,
				C4AECABF1F3199CE00D46454 /* ViewController.swift */,
				C4AECAC11F3199CE00D46454 /* Main.storyboard */,
				C4AECAC41F3199CE00D46454 /* Assets.xcassets */,
				C4AECAC61F3199CE00D46454 /* LaunchScreen.storyboard */,
				C4AECAC91F3199CE00D46454 /* Info.plist */,
			);
			path = VitaCollection;
			sourceTree = "<group>";
		};
		C4AECAD11F3199CE00D46454 /* VitaCollectionTests */ = {
			isa = PBXGroup;
			children = (
				C4AECAD21F3199CE00D46454 /* VitaCollectionTests.swift */,
				C4AECAD41F3199CE00D46454 /* Info.plist */,
			);
			path = VitaCollectionTests;
			sourceTree = "<group>";
		};
		C4AECADC1F3199CE00D46454 /* VitaCollectionUITests */ = {
			isa = PBXGroup;
			children = (
				C4AECADD1F3199CE00D46454 /* VitaCollectionUITests.swift */,
				C4AECADF1F3199CE00D46454 /* Info.plist */,
			);
			path = VitaCollectionUITests;
			sourceTree = "<group>";
		};
/* End PBXGroup section */

/* Begin PBXNativeTarget section */
		C4AECAB91F3199CE00D46454 /* VitaCollection */ = {
			isa = PBXNativeTarget;
			buildConfigurationList = C4AECAE21F3199CE00D46454 /* Build configuration list for PBXNativeTarget "VitaCollection" */;
			buildPhases = (
				C4AECAB61F3199CE00D46454 /* Sources */,
				C4AECAB71F3199CE00D46454 /* Frameworks */,
				C4AECAB81F3199CE00D46454 /* Resources */,
			);
			buildRules = (
			);
			dependencies = (
			);
			name = VitaCollection;
			productName = VitaCollection;
			productReference = C4AECABA1F3199CE00D46454 /* VitaCollection.app */;
			productType = "com.apple.product-type.application";
		};
		C4AECACD1F3199CE00D46454 /* VitaCollectionTests */ = {
			isa = PBXNativeTarget;
			buildConfigurationList = C4AECAE51F3199CE00D46454 /* Build configuration list for PBXNativeTarget "VitaCollectionTests" */;
			buildPhases = (
				C4AECACA1F3199CE00D46454 /* Sources */,
				C4AECACB1F3199CE00D46454 /* Frameworks */,
				C4AECACC1F3199CE00D46454 /* Resources */,
			);
			buildRules = (
			);
			dependencies = (
				C4AECAD01F3199CE00D46454 /* PBXTargetDependency */,
			);
			name = VitaCollectionTests;
			productName = VitaCollectionTests;
			productReference = C4AECACE1F3199CE00D46454 /* VitaCollectionTests.xctest */;
			productType = "com.apple.product-type.bundle.unit-test";
		};
		C4AECAD81F3199CE00D46454 /* VitaCollectionUITests */ = {
			isa = PBXNativeTarget;
			buildConfigurationList = C4AECAE81F3199CE00D46454 /* Build configuration list for PBXNativeTarget "VitaCollectionUITests" */;
			buildPhases = (
				C4AECAD51F3199CE00D46454 /* Sources */,
				C4AECAD61F3199CE00D46454 /* Frameworks */,
				C4AECAD71F3199CE00D46454 /* Resources */,
			);
			buildRules = (
			);
			dependencies = (
				C4AECADB1F3199CE00D46454 /* PBXTargetDependency */,
			);
			name = VitaCollectionUITests;
			productName = VitaCollectionUITests;
			productReference = C4AECAD91F3199CE00D46454 /* VitaCollectionUITests.xctest */;
			productType = "com.apple.product-type.bundle.ui-testing";
		};
/* End PBXNativeTarget section */

/* Begin PBXProject section */
		C4AECAB21F3199CE00D46454 /* Project object */ = {
			isa = PBXProject;
			attributes = {
				LastSwiftUpdateCheck = 0830;
				LastUpgradeCheck = 0830;
				ORGANIZATIONNAME = "Shikha Singla";
				TargetAttributes = {
					C4AECAB91F3199CE00D46454 = {
						CreatedOnToolsVersion = 8.3.2;
						ProvisioningStyle = Automatic;
					};
					C4AECACD1F3199CE00D46454 = {
						CreatedOnToolsVersion = 8.3.2;
						ProvisioningStyle = Automatic;
						TestTargetID = C4AECAB91F3199CE00D46454;
					};
					C4AECAD81F3199CE00D46454 = {
						CreatedOnToolsVersion = 8.3.2;
						ProvisioningStyle = Automatic;
						TestTargetID = C4AECAB91F3199CE00D46454;
					};
				};
			};
			buildConfigurationList = C4AECAB51F3199CE00D46454 /* Build configuration list for PBXProject "VitaCollection" */;
			compatibilityVersion = "Xcode 3.2";
			developmentRegion = English;
			hasScannedForEncodings = 0;
			knownRegions = (
				en,
				Base,
			);
			mainGroup = C4AECAB11F3199CE00D46454;
			productRefGroup = C4AECABB1F3199CE00D46454 /* Products */;
			projectDirPath = "";
			projectRoot = "";
			targets = (
				C4AECAB91F3199CE00D46454 /* VitaCollection */,
				C4AECACD1F3199CE00D46454 /* VitaCollectionTests */,
				C4AECAD81F3199CE00D46454 /* VitaCollectionUITests */,
			);
		};
/* End PBXProject section */

/* Begin PBXResourcesBuildPhase section */
		C4AECAB81F3199CE00D46454 /* Resources */ = {
			isa = PBXResourcesBuildPhase;
			buildActionMask = 2147483647;
			files = (
				C4AECAC81F3199CE00D46454 /* LaunchScreen.storyboard in Resources */,
				C4AECAC51F3199CE00D46454 /* Assets.xcassets in Resources */,
				C4AECAC31F3199CE00D46454 /* Main.storyboard in Resources */,
			);
			runOnlyForDeploymentPostprocessing = 0;
		};
		C4AECACC1F3199CE00D46454 /* Resources */ = {
			isa = PBXResourcesBuildPhase;
			buildActionMask = 2147483647;
			files = (
			);
			runOnlyForDeploymentPostprocessing = 0;
		};
		C4AECAD71F3199CE00D46454 /* Resources */ = {
			isa = PBXResourcesBuildPhase;
			buildActionMask = 2147483647;
			files = (
			);
			runOnlyForDeploymentPostprocessing = 0;
		};
/* End PBXResourcesBuildPhase section */

/* Begin PBXSourcesBuildPhase section */
		C4AECAB61F3199CE00D46454 /* Sources */ = {
			isa = PBXSourcesBuildPhase;
			buildActionMask = 2147483647;
			files = (
				C4AECAC01F3199CE00D46454 /* ViewController.swift in Sources */,
				C4AECABE1F3199CE00D46454 /* AppDelegate.swift in Sources */,
			);
			runOnlyForDeploymentPostprocessing = 0;
		};
		C4AECACA1F3199CE00D46454 /* Sources */ = {
			isa = PBXSourcesBuildPhase;
			buildActionMask = 2147483647;
			files = (
				C4AECAD31F3199CE00D46454 /* VitaCollectionTests.swift in Sources */,
			);
			runOnlyForDeploymentPostprocessing = 0;
		};
		C4AECAD51F3199CE00D46454 /* Sources */ = {
			isa = PBXSourcesBuildPhase;
			buildActionMask = 2147483647;
			files = (
				C4AECADE1F3199CE00D46454 /* VitaCollectionUITests.swift in Sources */,
			);
			runOnlyForDeploymentPostprocessing = 0;
		};
/* End PBXSourcesBuildPhase section */

/* Begin PBXTargetDependency section */
		C4AECAD01F3199CE00D46454 /* PBXTargetDependency */ = {
			isa = PBXTargetDependency;
			target = C4AECAB91F3199CE00D46454 /* VitaCollection */;
			targetProxy = C4AECACF1F3199CE00D46454 /* PBXContainerItemProxy */;
		};
		C4AECADB1F3199CE00D46454 /* PBXTargetDependency */ = {
			isa = PBXTargetDependency;
			target = C4AECAB91F3199CE00D46454 /* VitaCollection */;
			targetProxy = C4AECADA1F3199CE00D46454 /* PBXContainerItemProxy */;
		};
/* End PBXTargetDependency section */

/* Begin PBXVariantGroup section */
		C4AECAC11F3199CE00D46454 /* Main.storyboard */ = {
			isa = PBXVariantGroup;
			children = (
				C4AECAC21F3199CE00D46454 /* Base */,
			);
			name = Main.storyboard;
			sourceTree = "<group>";
		};
		C4AECAC61F3199CE00D46454 /* LaunchScreen.storyboard */ = {
			isa = PBXVariantGroup;
			children = (
				C4AECAC71F3199CE00D46454 /* Base */,
			);
			name = LaunchScreen.storyboard;
			sourceTree = "<group>";
		};
/* End PBXVariantGroup section */

/* Begin XCBuildConfiguration section */
		C4AECAE01F3199CE00D46454 /* Debug */ = {
			isa = XCBuildConfiguration;
			buildSettings = {
				ALWAYS_SEARCH_USER_PATHS = NO;
				CLANG_ANALYZER_NONNULL = YES;
				CLANG_ANALYZER_NUMBER_OBJECT_CONVERSION = YES_AGGRESSIVE;
				CLANG_CXX_LANGUAGE_STANDARD = "gnu++0x";
				CLANG_CXX_LIBRARY = "libc++";
				CLANG_ENABLE_MODULES = YES;
				CLANG_ENABLE_OBJC_ARC = YES;
				CLANG_WARN_BOOL_CONVERSION = YES;
				CLANG_WARN_CONSTANT_CONVERSION = YES;
				CLANG_WARN_DIRECT_OBJC_ISA_USAGE = YES_ERROR;
				CLANG_WARN_DOCUMENTATION_COMMENTS = YES;
				CLANG_WARN_EMPTY_BODY = YES;
				CLANG_WARN_ENUM_CONVERSION = YES;
				CLANG_WARN_INFINITE_RECURSION = YES;
				CLANG_WARN_INT_CONVERSION = YES;
				CLANG_WARN_OBJC_ROOT_CLASS = YES_ERROR;
				CLANG_WARN_SUSPICIOUS_MOVE = YES;
				CLANG_WARN_UNREACHABLE_CODE = YES;
				CLANG_WARN__DUPLICATE_METHOD_MATCH = YES;
				"CODE_SIGN_IDENTITY[sdk=iphoneos*]" = "iPhone Developer";
				COPY_PHASE_STRIP = NO;
				DEBUG_INFORMATION_FORMAT = dwarf;
				ENABLE_STRICT_OBJC_MSGSEND = YES;
				ENABLE_TESTABILITY = YES;
				GCC_C_LANGUAGE_STANDARD = gnu99;
				GCC_DYNAMIC_NO_PIC = NO;
				GCC_NO_COMMON_BLOCKS = YES;
				GCC_OPTIMIZATION_LEVEL = 0;
				GCC_PREPROCESSOR_DEFINITIONS = (
					"DEBUG=1",
					"$(inherited)",
				);
				GCC_WARN_64_TO_32_BIT_CONVERSION = YES;
				GCC_WARN_ABOUT_RETURN_TYPE = YES_ERROR;
				GCC_WARN_UNDECLARED_SELECTOR = YES;
				GCC_WARN_UNINITIALIZED_AUTOS = YES_AGGRESSIVE;
				GCC_WARN_UNUSED_FUNCTION = YES;
				GCC_WARN_UNUSED_VARIABLE = YES;
				IPHONEOS_DEPLOYMENT_TARGET = 10.3;
				MTL_ENABLE_DEBUG_INFO = YES;
				ONLY_ACTIVE_ARCH = YES;
				SDKROOT = iphoneos;
				SWIFT_ACTIVE_COMPILATION_CONDITIONS = DEBUG;
				SWIFT_OPTIMIZATION_LEVEL = "-Onone";
				TARGETED_DEVICE_FAMILY = "1,2";
			};
			name = Debug;
		};
		C4AECAE11F3199CE00D46454 /* Release */ = {
			isa = XCBuildConfiguration;
			buildSettings = {
				ALWAYS_SEARCH_USER_PATHS = NO;
				CLANG_ANALYZER_NONNULL = YES;
				CLANG_ANALYZER_NUMBER_OBJECT_CONVERSION = YES_AGGRESSIVE;
				CLANG_CXX_LANGUAGE_STANDARD = "gnu++0x";
				CLANG_CXX_LIBRARY = "libc++";
				CLANG_ENABLE_MODULES = YES;
				CLANG_ENABLE_OBJC_ARC = YES;
				CLANG_WARN_BOOL_CONVERSION = YES;
				CLANG_WARN_CONSTANT_CONVERSION = YES;
				CLANG_WARN_DIRECT_OBJC_ISA_USAGE = YES_ERROR;
				CLANG_WARN_DOCUMENTATION_COMMENTS = YES;
				CLANG_WARN_EMPTY_BODY = YES;
				CLANG_WARN_ENUM_CONVERSION = YES;
				CLANG_WARN_INFINITE_RECURSION = YES;
				CLANG_WARN_INT_CONVERSION = YES;
				CLANG_WARN_OBJC_ROOT_CLASS = YES_ERROR;
				CLANG_WARN_SUSPICIOUS_MOVE = YES;
				CLANG_WARN_UNREACHABLE_CODE = YES;
				CLANG_WARN__DUPLICATE_METHOD_MATCH = YES;
				"CODE_SIGN_IDENTITY[sdk=iphoneos*]" = "iPhone Developer";
				COPY_PHASE_STRIP = NO;
				DEBUG_INFORMATION_FORMAT = "dwarf-with-dsym";
				ENABLE_NS_ASSERTIONS = NO;
				ENABLE_STRICT_OBJC_MSGSEND = YES;
				GCC_C_LANGUAGE_STANDARD = gnu99;
				GCC_NO_COMMON_BLOCKS = YES;
				GCC_WARN_64_TO_32_BIT_CONVERSION = YES;
				GCC_WARN_ABOUT_RETURN_TYPE = YES_ERROR;
				GCC_WARN_UNDECLARED_SELECTOR = YES;
				GCC_WARN_UNINITIALIZED_AUTOS = YES_AGGRESSIVE;
				GCC_WARN_UNUSED_FUNCTION = YES;
				GCC_WARN_UNUSED_VARIABLE = YES;
				IPHONEOS_DEPLOYMENT_TARGET = 10.3;
				MTL_ENABLE_DEBUG_INFO = NO;
				SDKROOT = iphoneos;
				SWIFT_OPTIMIZATION_LEVEL = "-Owholemodule";
				TARGETED_DEVICE_FAMILY = "1,2";
				VALIDATE_PRODUCT = YES;
			};
			name = Release;
		};
		C4AECAE31F3199CE00D46454 /* Debug */ = {
			isa = XCBuildConfiguration;
			buildSettings = {
				ASSETCATALOG_COMPILER_APPICON_NAME = AppIcon;
				INFOPLIST_FILE = VitaCollection/Info.plist;
				LD_RUNPATH_SEARCH_PATHS = "$(inherited) @executable_path/Frameworks";
				PRODUCT_BUNDLE_IDENTIFIER = a1technology.VitaCollection;
				PRODUCT_NAME = "$(TARGET_NAME)";
				SWIFT_VERSION = 3.0;
			};
			name = Debug;
		};
		C4AECAE41F3199CE00D46454 /* Release */ = {
			isa = XCBuildConfiguration;
			buildSettings = {
				ASSETCATALOG_COMPILER_APPICON_NAME = AppIcon;
				INFOPLIST_FILE = VitaCollection/Info.plist;
				LD_RUNPATH_SEARCH_PATHS = "$(inherited) @executable_path/Frameworks";
				PRODUCT_BUNDLE_IDENTIFIER = a1technology.VitaCollection;
				PRODUCT_NAME = "$(TARGET_NAME)";
				SWIFT_VERSION = 3.0;
			};
			name = Release;
		};
		C4AECAE61F3199CE00D46454 /* Debug */ = {
			isa = XCBuildConfiguration;
			buildSettings = {
				ALWAYS_EMBED_SWIFT_STANDARD_LIBRARIES = YES;
				BUNDLE_LOADER = "$(TEST_HOST)";
				INFOPLIST_FILE = VitaCollectionTests/Info.plist;
				LD_RUNPATH_SEARCH_PATHS = "$(inherited) @executable_path/Frameworks @loader_path/Frameworks";
				PRODUCT_BUNDLE_IDENTIFIER = a1technology.VitaCollectionTests;
				PRODUCT_NAME = "$(TARGET_NAME)";
				SWIFT_VERSION = 3.0;
				TEST_HOST = "$(BUILT_PRODUCTS_DIR)/VitaCollection.app/VitaCollection";
			};
			name = Debug;
		};
		C4AECAE71F3199CE00D46454 /* Release */ = {
			isa = XCBuildConfiguration;
			buildSettings = {
				ALWAYS_EMBED_SWIFT_STANDARD_LIBRARIES = YES;
				BUNDLE_LOADER = "$(TEST_HOST)";
				INFOPLIST_FILE = VitaCollectionTests/Info.plist;
				LD_RUNPATH_SEARCH_PATHS = "$(inherited) @executable_path/Frameworks @loader_path/Frameworks";
				PRODUCT_BUNDLE_IDENTIFIER = a1technology.VitaCollectionTests;
				PRODUCT_NAME = "$(TARGET_NAME)";
				SWIFT_VERSION = 3.0;
				TEST_HOST = "$(BUILT_PRODUCTS_DIR)/VitaCollection.app/VitaCollection";
			};
			name = Release;
		};
		C4AECAE91F3199CE00D46454 /* Debug */ = {
			isa = XCBuildConfiguration;
			buildSettings = {
				ALWAYS_EMBED_SWIFT_STANDARD_LIBRARIES = YES;
				INFOPLIST_FILE = VitaCollectionUITests/Info.plist;
				LD_RUNPATH_SEARCH_PATHS = "$(inherited) @executable_path/Frameworks @loader_path/Frameworks";
				PRODUCT_BUNDLE_IDENTIFIER = a1technology.VitaCollectionUITests;
				PRODUCT_NAME = "$(TARGET_NAME)";
				SWIFT_VERSION = 3.0;
				TEST_TARGET_NAME = VitaCollection;
			};
			name = Debug;
		};
		C4AECAEA1F3199CE00D46454 /* Release */ = {
			isa = XCBuildConfiguration;
			buildSettings = {
				ALWAYS_EMBED_SWIFT_STANDARD_LIBRARIES = YES;
				INFOPLIST_FILE = VitaCollectionUITests/Info.plist;
				LD_RUNPATH_SEARCH_PATHS = "$(inherited) @executable_path/Frameworks @loader_path/Frameworks";
				PRODUCT_BUNDLE_IDENTIFIER = a1technology.VitaCollectionUITests;
				PRODUCT_NAME = "$(TARGET_NAME)";
				SWIFT_VERSION = 3.0;
				TEST_TARGET_NAME = VitaCollection;
			};
			name = Release;
		};
/* End XCBuildConfiguration section */

/* Begin XCConfigurationList section */
		C4AECAB51F3199CE00D46454 /* Build configuration list for PBXProject "VitaCollection" */ = {
			isa = XCConfigurationList;
			buildConfigurations = (
				C4AECAE01F3199CE00D46454 /* Debug */,
				C4AECAE11F3199CE00D46454 /* Release */,
			);
			defaultConfigurationIsVisible = 0;
			defaultConfigurationName = Release;
		};
		C4AECAE21F3199CE00D46454 /* Build configuration list for PBXNativeTarget "VitaCollection" */ = {
			isa = XCConfigurationList;
			buildConfigurations = (
				C4AECAE31F3199CE00D46454 /* Debug */,
				C4AECAE41F3199CE00D46454 /* Release */,
			);
			defaultConfigurationIsVisible = 0;
		};
		C4AECAE51F3199CE00D46454 /* Build configuration list for PBXNativeTarget "VitaCollectionTests" */ = {
			isa = XCConfigurationList;
			buildConfigurations = (
				C4AECAE61F3199CE00D46454 /* Debug */,
				C4AECAE71F3199CE00D46454 /* Release */,
			);
			defaultConfigurationIsVisible = 0;
		};
		C4AECAE81F3199CE00D46454 /* Build configuration list for PBXNativeTarget "VitaCollectionUITests" */ = {
			isa = XCConfigurationList;
			buildConfigurations = (
				C4AECAE91F3199CE00D46454 /* Debug */,
				C4AECAEA1F3199CE00D46454 /* Release */,
			);
			defaultConfigurationIsVisible = 0;
		};
/* End XCConfigurationList section */
	};
	rootObject = C4AECAB21F3199CE00D46454 /* Project object */;
}
